
Microsoft Visual Studio Solution File, Format Version 12.00
# Visual Studio Version 17
VisualStudioVersion = 17.3.32811.315
MinimumVisualStudioVersion = 10.0.40219.1
Project("{FAE04EC0-301F-11D3-BF4B-00C04F79EFBC}") = "AzuretriggersFunctions", "AzuretriggersFunctions\AzuretriggersFunctions.csproj", "{D0B4F544-AB4D-4883-8E22-71246B1B7B98}"
EndProject
Global
	GlobalSection(SolutionConfigurationPlatforms) = preSolution
		Debug|Any CPU = Debug|Any CPU
		Release|Any CPU = Release|Any CPU
	EndGlobalSection
	GlobalSection(ProjectConfigurationPlatforms) = postSolution
		{D0B4F544-AB4D-4883-8E22-71246B1B7B98}.Debug|Any CPU.ActiveCfg = Debug|Any CPU
		{D0B4F544-AB4D-4883-8E22-71246B1B7B98}.Debug|Any CPU.Build.0 = Debug|Any CPU
		{D0B4F544-AB4D-4883-8E22-71246B1B7B98}.Release|Any CPU.ActiveCfg = Release|Any CPU
		{D0B4F544-AB4D-4883-8E22-71246B1B7B98}.Release|Any CPU.Build.0 = Release|Any CPU
	EndGlobalSection
	GlobalSection(SolutionProperties) = preSolution
		HideSolutionNode = FALSE
	EndGlobalSection
	GlobalSection(ExtensibilityGlobals) = postSolution
		SolutionGuid = {89B1FFDA-5E8B-4280-AF56-D7B8B52E5DC7}
	EndGlobalSection
EndGlobal
